
Microsoft Visual Studio Solution File, Format Version 12.00
# Visual Studio Version 16
VisualStudioVersion = 16.0.29613.14
MinimumVisualStudioVersion = 15.0.26124.0
Project("{9A19103F-16F7-4668-BE54-9A1E7A4F7556}") = "PaketChain", "PaketChain\PaketChain.csproj", "{1A660CF5-E4EE-4578-9A99-36D03D134F59}"
EndProject
Project("{2150E333-8FDC-42A3-9474-1A3956D46DE8}") = ".paket", ".paket", "{35406A7D-3080-48C8-8316-FBAF521D7297}"
	ProjectSection(SolutionItems) = preProject
		..\paket.dependencies = ..\paket.dependencies
	EndProjectSection
EndProject
Project("{2150E333-8FDC-42A3-9474-1A3956D46DE8}") = ".appVeyor", ".appVeyor", "{6BA0663D-78B2-47B3-8274-C76D66E38946}"
	ProjectSection(SolutionItems) = preProject
		..\appveyor.yml = ..\appveyor.yml
	EndProjectSection
EndProject
Global
	GlobalSection(SolutionConfigurationPlatforms) = preSolution
		Debug|Any CPU = Debug|Any CPU
		Debug|x64 = Debug|x64
		Debug|x86 = Debug|x86
		Release|Any CPU = Release|Any CPU
		Release|x64 = Release|x64
		Release|x86 = Release|x86
	EndGlobalSection
	GlobalSection(ProjectConfigurationPlatforms) = postSolution
		{1A660CF5-E4EE-4578-9A99-36D03D134F59}.Debug|Any CPU.ActiveCfg = Debug|Any CPU
		{1A660CF5-E4EE-4578-9A99-36D03D134F59}.Debug|Any CPU.Build.0 = Debug|Any CPU
		{1A660CF5-E4EE-4578-9A99-36D03D134F59}.Debug|x64.ActiveCfg = Debug|Any CPU
		{1A660CF5-E4EE-4578-9A99-36D03D134F59}.Debug|x64.Build.0 = Debug|Any CPU
		{1A660CF5-E4EE-4578-9A99-36D03D134F59}.Debug|x86.ActiveCfg = Debug|Any CPU
		{1A660CF5-E4EE-4578-9A99-36D03D134F59}.Debug|x86.Build.0 = Debug|Any CPU
		{1A660CF5-E4EE-4578-9A99-36D03D134F59}.Release|Any CPU.ActiveCfg = Release|Any CPU
		{1A660CF5-E4EE-4578-9A99-36D03D134F59}.Release|Any CPU.Build.0 = Release|Any CPU
		{1A660CF5-E4EE-4578-9A99-36D03D134F59}.Release|x64.ActiveCfg = Release|Any CPU
		{1A660CF5-E4EE-4578-9A99-36D03D134F59}.Release|x64.Build.0 = Release|Any CPU
		{1A660CF5-E4EE-4578-9A99-36D03D134F59}.Release|x86.ActiveCfg = Release|Any CPU
		{1A660CF5-E4EE-4578-9A99-36D03D134F59}.Release|x86.Build.0 = Release|Any CPU
	EndGlobalSection
	GlobalSection(SolutionProperties) = preSolution
		HideSolutionNode = FALSE
	EndGlobalSection
	GlobalSection(ExtensibilityGlobals) = postSolution
		SolutionGuid = {84668F6E-64A6-4008-84E2-204E9FFC05E0}
	EndGlobalSection
EndGlobal
